// !$*UTF8*$!
{
	archiveVersion = 1;
	classes = {
	};
	objectVersion = 46;
	objects = {

/* Begin PBXBuildFile section */
		41CC75D71B22068600383F13 /* Network.swift in Sources */ = {isa = PBXBuildFile; fileRef = 41CC75D61B22068600383F13 /* Network.swift */; };
		CE3124761CF7B239004C95B9 /* VisNativeViewController.swift in Sources */ = {isa = PBXBuildFile; fileRef = CE3124751CF7B239004C95B9 /* VisNativeViewController.swift */; };
		CE3124781CF7BFD5004C95B9 /* VisWordCountViewController.swift in Sources */ = {isa = PBXBuildFile; fileRef = CE3124771CF7BFD5004C95B9 /* VisWordCountViewController.swift */; };
		CE31247A1CFDFC0B004C95B9 /* VisWordCountTableViewCell.swift in Sources */ = {isa = PBXBuildFile; fileRef = CE3124791CFDFC0B004C95B9 /* VisWordCountTableViewCell.swift */; };
		CE31247C1CFF546D004C95B9 /* VisSentimentBarViewController.swift in Sources */ = {isa = PBXBuildFile; fileRef = CE31247B1CFF546D004C95B9 /* VisSentimentBarViewController.swift */; };
		CE31247E1CFF89FB004C95B9 /* Utils.swift in Sources */ = {isa = PBXBuildFile; fileRef = CE31247D1CFF89FB004C95B9 /* Utils.swift */; };
		CE3124801D00D504004C95B9 /* SearchField.swift in Sources */ = {isa = PBXBuildFile; fileRef = CE31247F1D00D504004C95B9 /* SearchField.swift */; };
		CE79DA4B1B1640C0003F01F6 /* AppDelegate.swift in Sources */ = {isa = PBXBuildFile; fileRef = CE79DA4A1B1640C0003F01F6 /* AppDelegate.swift */; };
		CE79DA501B1640C0003F01F6 /* Main.storyboard in Resources */ = {isa = PBXBuildFile; fileRef = CE79DA4E1B1640C0003F01F6 /* Main.storyboard */; };
		CE79DA521B1640C0003F01F6 /* Images.xcassets in Resources */ = {isa = PBXBuildFile; fileRef = CE79DA511B1640C0003F01F6 /* Images.xcassets */; };
		CE79DA551B1640C0003F01F6 /* LaunchScreen.xib in Resources */ = {isa = PBXBuildFile; fileRef = CE79DA531B1640C0003F01F6 /* LaunchScreen.xib */; };
		CE79DA611B1640C0003F01F6 /* RedRockTests.swift in Sources */ = {isa = PBXBuildFile; fileRef = CE79DA601B1640C0003F01F6 /* RedRockTests.swift */; };
		CE79DA7A1B18B9BA003F01F6 /* Config.swift in Sources */ = {isa = PBXBuildFile; fileRef = CE79DA791B18B9BA003F01F6 /* Config.swift */; };
		CE8BE3651BCC5A2B0000E95C /* VisMasterViewController.swift in Sources */ = {isa = PBXBuildFile; fileRef = CE8BE3641BCC5A2B0000E95C /* VisMasterViewController.swift */; };
		CE8BE3671BCC5D570000E95C /* VisWebViewController.swift in Sources */ = {isa = PBXBuildFile; fileRef = CE8BE3661BCC5D570000E95C /* VisWebViewController.swift */; };
		CE8BE36B1BCDA2120000E95C /* VisFactory.swift in Sources */ = {isa = PBXBuildFile; fileRef = CE8BE36A1BCDA2120000E95C /* VisFactory.swift */; };
		CE9558651CD92E3D00219791 /* SwiftyJSON.framework in Frameworks */ = {isa = PBXBuildFile; fileRef = CE9558641CD92E3D00219791 /* SwiftyJSON.framework */; };
		CE9558671CD938B300219791 /* HEXColor.framework in Frameworks */ = {isa = PBXBuildFile; fileRef = CE9558661CD938B300219791 /* HEXColor.framework */; };
		CE95586B1CD93E7A00219791 /* XCGLogger.framework in Frameworks */ = {isa = PBXBuildFile; fileRef = CE95586A1CD93E7A00219791 /* XCGLogger.framework */; };
		CEE5C0E61CD7F5B600200EED /* SearchViewController.swift in Sources */ = {isa = PBXBuildFile; fileRef = CEE5C0E51CD7F5B600200EED /* SearchViewController.swift */; };
		CEE5C0E81CD7F5F600200EED /* RelatedTermsViewController.swift in Sources */ = {isa = PBXBuildFile; fileRef = CEE5C0E71CD7F5F600200EED /* RelatedTermsViewController.swift */; };
		CEE5C0EC1CD7FF9700200EED /* CommunitiesViewController.swift in Sources */ = {isa = PBXBuildFile; fileRef = CEE5C0EB1CD7FF9700200EED /* CommunitiesViewController.swift */; };
		CEE5C0EE1CD8083200200EED /* DetailViewController.swift in Sources */ = {isa = PBXBuildFile; fileRef = CEE5C0ED1CD8083200200EED /* DetailViewController.swift */; };
		F3222DFA1B179FE700FDE3B1 /* Visualizations in Resources */ = {isa = PBXBuildFile; fileRef = F3222DF91B179FE700FDE3B1 /* Visualizations */; };
/* End PBXBuildFile section */

/* Begin PBXContainerItemProxy section */
		CE79DA5B1B1640C0003F01F6 /* PBXContainerItemProxy */ = {
			isa = PBXContainerItemProxy;
			containerPortal = CE79DA3D1B1640C0003F01F6 /* Project object */;
			proxyType = 1;
			remoteGlobalIDString = CE79DA441B1640C0003F01F6;
			remoteInfo = RedRock;
		};
/* End PBXContainerItemProxy section */

/* Begin PBXFileReference section */
		41CC75D61B22068600383F13 /* Network.swift */ = {isa = PBXFileReference; fileEncoding = 4; lastKnownFileType = sourcecode.swift; path = Network.swift; sourceTree = "<group>"; };
		CE3124751CF7B239004C95B9 /* VisNativeViewController.swift */ = {isa = PBXFileReference; fileEncoding = 4; lastKnownFileType = sourcecode.swift; path = VisNativeViewController.swift; sourceTree = "<group>"; };
		CE3124771CF7BFD5004C95B9 /* VisWordCountViewController.swift */ = {isa = PBXFileReference; fileEncoding = 4; lastKnownFileType = sourcecode.swift; path = VisWordCountViewController.swift; sourceTree = "<group>"; };
		CE3124791CFDFC0B004C95B9 /* VisWordCountTableViewCell.swift */ = {isa = PBXFileReference; fileEncoding = 4; lastKnownFileType = sourcecode.swift; path = VisWordCountTableViewCell.swift; sourceTree = "<group>"; };
		CE31247B1CFF546D004C95B9 /* VisSentimentBarViewController.swift */ = {isa = PBXFileReference; fileEncoding = 4; lastKnownFileType = sourcecode.swift; path = VisSentimentBarViewController.swift; sourceTree = "<group>"; };
		CE31247D1CFF89FB004C95B9 /* Utils.swift */ = {isa = PBXFileReference; fileEncoding = 4; lastKnownFileType = sourcecode.swift; path = Utils.swift; sourceTree = "<group>"; };
		CE31247F1D00D504004C95B9 /* SearchField.swift */ = {isa = PBXFileReference; fileEncoding = 4; lastKnownFileType = sourcecode.swift; path = SearchField.swift; sourceTree = "<group>"; };
		CE79DA451B1640C0003F01F6 /* RedRock2.app */ = {isa = PBXFileReference; explicitFileType = wrapper.application; includeInIndex = 0; path = RedRock2.app; sourceTree = BUILT_PRODUCTS_DIR; };
		CE79DA491B1640C0003F01F6 /* Info.plist */ = {isa = PBXFileReference; lastKnownFileType = text.plist.xml; path = Info.plist; sourceTree = "<group>"; };
		CE79DA4A1B1640C0003F01F6 /* AppDelegate.swift */ = {isa = PBXFileReference; lastKnownFileType = sourcecode.swift; path = AppDelegate.swift; sourceTree = "<group>"; };
		CE79DA4F1B1640C0003F01F6 /* Base */ = {isa = PBXFileReference; lastKnownFileType = file.storyboard; name = Base; path = Base.lproj/Main.storyboard; sourceTree = "<group>"; };
		CE79DA511B1640C0003F01F6 /* Images.xcassets */ = {isa = PBXFileReference; lastKnownFileType = folder.assetcatalog; path = Images.xcassets; sourceTree = "<group>"; };
		CE79DA541B1640C0003F01F6 /* Base */ = {isa = PBXFileReference; lastKnownFileType = file.xib; name = Base; path = Base.lproj/LaunchScreen.xib; sourceTree = "<group>"; };
		CE79DA5A1B1640C0003F01F6 /* RedRock2.xctest */ = {isa = PBXFileReference; explicitFileType = wrapper.cfbundle; includeInIndex = 0; path = RedRock2.xctest; sourceTree = BUILT_PRODUCTS_DIR; };
		CE79DA5F1B1640C0003F01F6 /* Info.plist */ = {isa = PBXFileReference; lastKnownFileType = text.plist.xml; path = Info.plist; sourceTree = "<group>"; };
		CE79DA601B1640C0003F01F6 /* RedRockTests.swift */ = {isa = PBXFileReference; lastKnownFileType = sourcecode.swift; path = RedRockTests.swift; sourceTree = "<group>"; };
		CE79DA791B18B9BA003F01F6 /* Config.swift */ = {isa = PBXFileReference; fileEncoding = 4; lastKnownFileType = sourcecode.swift; path = Config.swift; sourceTree = "<group>"; };
		CE8BE3641BCC5A2B0000E95C /* VisMasterViewController.swift */ = {isa = PBXFileReference; fileEncoding = 4; lastKnownFileType = sourcecode.swift; path = VisMasterViewController.swift; sourceTree = "<group>"; };
		CE8BE3661BCC5D570000E95C /* VisWebViewController.swift */ = {isa = PBXFileReference; fileEncoding = 4; lastKnownFileType = sourcecode.swift; path = VisWebViewController.swift; sourceTree = "<group>"; };
		CE8BE36A1BCDA2120000E95C /* VisFactory.swift */ = {isa = PBXFileReference; fileEncoding = 4; lastKnownFileType = sourcecode.swift; path = VisFactory.swift; sourceTree = "<group>"; };
		CE9558641CD92E3D00219791 /* SwiftyJSON.framework */ = {isa = PBXFileReference; lastKnownFileType = wrapper.framework; name = SwiftyJSON.framework; path = Carthage/Build/iOS/SwiftyJSON.framework; sourceTree = "<group>"; };
		CE9558661CD938B300219791 /* HEXColor.framework */ = {isa = PBXFileReference; lastKnownFileType = wrapper.framework; name = HEXColor.framework; path = Carthage/Build/iOS/HEXColor.framework; sourceTree = "<group>"; };
		CE95586A1CD93E7A00219791 /* XCGLogger.framework */ = {isa = PBXFileReference; lastKnownFileType = wrapper.framework; name = XCGLogger.framework; path = Carthage/Build/iOS/XCGLogger.framework; sourceTree = "<group>"; };
		CEE5C0E51CD7F5B600200EED /* SearchViewController.swift */ = {isa = PBXFileReference; fileEncoding = 4; lastKnownFileType = sourcecode.swift; path = SearchViewController.swift; sourceTree = "<group>"; };
		CEE5C0E71CD7F5F600200EED /* RelatedTermsViewController.swift */ = {isa = PBXFileReference; fileEncoding = 4; lastKnownFileType = sourcecode.swift; path = RelatedTermsViewController.swift; sourceTree = "<group>"; };
		CEE5C0EB1CD7FF9700200EED /* CommunitiesViewController.swift */ = {isa = PBXFileReference; fileEncoding = 4; lastKnownFileType = sourcecode.swift; path = CommunitiesViewController.swift; sourceTree = "<group>"; };
		CEE5C0ED1CD8083200200EED /* DetailViewController.swift */ = {isa = PBXFileReference; fileEncoding = 4; lastKnownFileType = sourcecode.swift; path = DetailViewController.swift; sourceTree = "<group>"; };
		F3222DF91B179FE700FDE3B1 /* Visualizations */ = {isa = PBXFileReference; lastKnownFileType = folder; path = Visualizations; sourceTree = "<group>"; };
/* End PBXFileReference section */

/* Begin PBXFrameworksBuildPhase section */
		CE79DA421B1640C0003F01F6 /* Frameworks */ = {
			isa = PBXFrameworksBuildPhase;
			buildActionMask = 2147483647;
			files = (
				CE95586B1CD93E7A00219791 /* XCGLogger.framework in Frameworks */,
				CE9558671CD938B300219791 /* HEXColor.framework in Frameworks */,
				CE9558651CD92E3D00219791 /* SwiftyJSON.framework in Frameworks */,
			);
			runOnlyForDeploymentPostprocessing = 0;
		};
		CE79DA571B1640C0003F01F6 /* Frameworks */ = {
			isa = PBXFrameworksBuildPhase;
			buildActionMask = 2147483647;
			files = (
			);
			runOnlyForDeploymentPostprocessing = 0;
		};
/* End PBXFrameworksBuildPhase section */

/* Begin PBXGroup section */
		CE79DA3C1B1640C0003F01F6 = {
			isa = PBXGroup;
			children = (
				CE9558661CD938B300219791 /* HEXColor.framework */,
				CE9558641CD92E3D00219791 /* SwiftyJSON.framework */,
				CE95586A1CD93E7A00219791 /* XCGLogger.framework */,
				CE79DA471B1640C0003F01F6 /* RedRock */,
				CE79DA5D1B1640C0003F01F6 /* RedRockTests */,
				CE79DA461B1640C0003F01F6 /* Products */,
			);
			sourceTree = "<group>";
		};
		CE79DA461B1640C0003F01F6 /* Products */ = {
			isa = PBXGroup;
			children = (
				CE79DA451B1640C0003F01F6 /* RedRock2.app */,
				CE79DA5A1B1640C0003F01F6 /* RedRock2.xctest */,
			);
			name = Products;
			sourceTree = "<group>";
		};
		CE79DA471B1640C0003F01F6 /* RedRock */ = {
			isa = PBXGroup;
			children = (
				F3222DF91B179FE700FDE3B1 /* Visualizations */,
				CE79DA4A1B1640C0003F01F6 /* AppDelegate.swift */,
				CEE5C0E51CD7F5B600200EED /* SearchViewController.swift */,
				CEE5C0E71CD7F5F600200EED /* RelatedTermsViewController.swift */,
				CEE5C0EB1CD7FF9700200EED /* CommunitiesViewController.swift */,
				CEE5C0ED1CD8083200200EED /* DetailViewController.swift */,
				CE8BE3641BCC5A2B0000E95C /* VisMasterViewController.swift */,
				CE8BE3661BCC5D570000E95C /* VisWebViewController.swift */,
				CE3124751CF7B239004C95B9 /* VisNativeViewController.swift */,
				CE3124771CF7BFD5004C95B9 /* VisWordCountViewController.swift */,
				CE3124791CFDFC0B004C95B9 /* VisWordCountTableViewCell.swift */,
				CE31247B1CFF546D004C95B9 /* VisSentimentBarViewController.swift */,
				CE8BE36A1BCDA2120000E95C /* VisFactory.swift */,
				CE31247F1D00D504004C95B9 /* SearchField.swift */,
				41CC75D61B22068600383F13 /* Network.swift */,
				CE79DA791B18B9BA003F01F6 /* Config.swift */,
				CE31247D1CFF89FB004C95B9 /* Utils.swift */,
				CE79DA511B1640C0003F01F6 /* Images.xcassets */,
				CE79DA4E1B1640C0003F01F6 /* Main.storyboard */,
				CE79DA531B1640C0003F01F6 /* LaunchScreen.xib */,
				CE79DA481B1640C0003F01F6 /* Supporting Files */,
			);
			path = RedRock;
			sourceTree = "<group>";
		};
		CE79DA481B1640C0003F01F6 /* Supporting Files */ = {
			isa = PBXGroup;
			children = (
				CE79DA491B1640C0003F01F6 /* Info.plist */,
			);
			name = "Supporting Files";
			sourceTree = "<group>";
		};
		CE79DA5D1B1640C0003F01F6 /* RedRockTests */ = {
			isa = PBXGroup;
			children = (
				CE79DA601B1640C0003F01F6 /* RedRockTests.swift */,
				CE79DA5E1B1640C0003F01F6 /* Supporting Files */,
			);
			path = RedRockTests;
			sourceTree = "<group>";
		};
		CE79DA5E1B1640C0003F01F6 /* Supporting Files */ = {
			isa = PBXGroup;
			children = (
				CE79DA5F1B1640C0003F01F6 /* Info.plist */,
			);
			name = "Supporting Files";
			sourceTree = "<group>";
		};
/* End PBXGroup section */

/* Begin PBXNativeTarget section */
		CE79DA441B1640C0003F01F6 /* RedRock2 */ = {
			isa = PBXNativeTarget;
			buildConfigurationList = CE79DA641B1640C0003F01F6 /* Build configuration list for PBXNativeTarget "RedRock2" */;
			buildPhases = (
				CE79DA411B1640C0003F01F6 /* Sources */,
				CE79DA421B1640C0003F01F6 /* Frameworks */,
				CE79DA431B1640C0003F01F6 /* Resources */,
				CE9558631CD92C2500219791 /* ShellScript */,
			);
			buildRules = (
			);
			dependencies = (
			);
			name = RedRock2;
			productName = RedRock;
			productReference = CE79DA451B1640C0003F01F6 /* RedRock2.app */;
			productType = "com.apple.product-type.application";
		};
		CE79DA591B1640C0003F01F6 /* RedRock2Tests */ = {
			isa = PBXNativeTarget;
			buildConfigurationList = CE79DA671B1640C0003F01F6 /* Build configuration list for PBXNativeTarget "RedRock2Tests" */;
			buildPhases = (
				CE79DA561B1640C0003F01F6 /* Sources */,
				CE79DA571B1640C0003F01F6 /* Frameworks */,
				CE79DA581B1640C0003F01F6 /* Resources */,
			);
			buildRules = (
			);
			dependencies = (
				CE79DA5C1B1640C0003F01F6 /* PBXTargetDependency */,
			);
			name = RedRock2Tests;
			productName = RedRockTests;
			productReference = CE79DA5A1B1640C0003F01F6 /* RedRock2.xctest */;
			productType = "com.apple.product-type.bundle.unit-test";
		};
/* End PBXNativeTarget section */

/* Begin PBXProject section */
		CE79DA3D1B1640C0003F01F6 /* Project object */ = {
			isa = PBXProject;
			attributes = {
				LastSwiftMigration = 0700;
				LastSwiftUpdateCheck = 0700;
				LastUpgradeCheck = 0630;
				ORGANIZATIONNAME = IBM;
				TargetAttributes = {
					CE79DA441B1640C0003F01F6 = {
						CreatedOnToolsVersion = 6.3.2;
						DevelopmentTeam = 5MHP5R5CQ8;
					};
					CE79DA591B1640C0003F01F6 = {
						CreatedOnToolsVersion = 6.3.2;
						TestTargetID = CE79DA441B1640C0003F01F6;
					};
				};
			};
			buildConfigurationList = CE79DA401B1640C0003F01F6 /* Build configuration list for PBXProject "RedRock2" */;
			compatibilityVersion = "Xcode 3.2";
			developmentRegion = English;
			hasScannedForEncodings = 0;
			knownRegions = (
				en,
				Base,
			);
			mainGroup = CE79DA3C1B1640C0003F01F6;
			productRefGroup = CE79DA461B1640C0003F01F6 /* Products */;
			projectDirPath = "";
			projectRoot = "";
			targets = (
				CE79DA441B1640C0003F01F6 /* RedRock2 */,
				CE79DA591B1640C0003F01F6 /* RedRock2Tests */,
			);
		};
/* End PBXProject section */

/* Begin PBXResourcesBuildPhase section */
		CE79DA431B1640C0003F01F6 /* Resources */ = {
			isa = PBXResourcesBuildPhase;
			buildActionMask = 2147483647;
			files = (
				CE79DA501B1640C0003F01F6 /* Main.storyboard in Resources */,
				CE79DA551B1640C0003F01F6 /* LaunchScreen.xib in Resources */,
				CE79DA521B1640C0003F01F6 /* Images.xcassets in Resources */,
				F3222DFA1B179FE700FDE3B1 /* Visualizations in Resources */,
			);
			runOnlyForDeploymentPostprocessing = 0;
		};
		CE79DA581B1640C0003F01F6 /* Resources */ = {
			isa = PBXResourcesBuildPhase;
			buildActionMask = 2147483647;
			files = (
			);
			runOnlyForDeploymentPostprocessing = 0;
		};
/* End PBXResourcesBuildPhase section */

/* Begin PBXShellScriptBuildPhase section */
		CE9558631CD92C2500219791 /* ShellScript */ = {
			isa = PBXShellScriptBuildPhase;
			buildActionMask = 2147483647;
			files = (
			);
			inputPaths = (
				"$(SRCROOT)/Carthage/Build/iOS/SwiftyJSON.framework",
				"$(SRCROOT)/Carthage/Build/iOS/HEXColor.framework",
				"$(SRCROOT)/Carthage/Build/iOS/XCGLogger.framework",
			);
			outputPaths = (
			);
			runOnlyForDeploymentPostprocessing = 0;
			shellPath = /bin/sh;
			shellScript = "/usr/local/bin/carthage copy-frameworks";
		};
/* End PBXShellScriptBuildPhase section */

/* Begin PBXSourcesBuildPhase section */
		CE79DA411B1640C0003F01F6 /* Sources */ = {
			isa = PBXSourcesBuildPhase;
			buildActionMask = 2147483647;
			files = (
				CEE5C0EE1CD8083200200EED /* DetailViewController.swift in Sources */,
				CEE5C0EC1CD7FF9700200EED /* CommunitiesViewController.swift in Sources */,
				CE31247A1CFDFC0B004C95B9 /* VisWordCountTableViewCell.swift in Sources */,
				CE8BE3671BCC5D570000E95C /* VisWebViewController.swift in Sources */,
				CE8BE3651BCC5A2B0000E95C /* VisMasterViewController.swift in Sources */,
				CE31247E1CFF89FB004C95B9 /* Utils.swift in Sources */,
				CE3124801D00D504004C95B9 /* SearchField.swift in Sources */,
				CE79DA7A1B18B9BA003F01F6 /* Config.swift in Sources */,
				CE8BE36B1BCDA2120000E95C /* VisFactory.swift in Sources */,
				CE3124761CF7B239004C95B9 /* VisNativeViewController.swift in Sources */,
				CE79DA4B1B1640C0003F01F6 /* AppDelegate.swift in Sources */,
				41CC75D71B22068600383F13 /* Network.swift in Sources */,
				CEE5C0E61CD7F5B600200EED /* SearchViewController.swift in Sources */,
				CE3124781CF7BFD5004C95B9 /* VisWordCountViewController.swift in Sources */,
				CE31247C1CFF546D004C95B9 /* VisSentimentBarViewController.swift in Sources */,
				CEE5C0E81CD7F5F600200EED /* RelatedTermsViewController.swift in Sources */,
			);
			runOnlyForDeploymentPostprocessing = 0;
		};
		CE79DA561B1640C0003F01F6 /* Sources */ = {
			isa = PBXSourcesBuildPhase;
			buildActionMask = 2147483647;
			files = (
				CE79DA611B1640C0003F01F6 /* RedRockTests.swift in Sources */,
			);
			runOnlyForDeploymentPostprocessing = 0;
		};
/* End PBXSourcesBuildPhase section */

/* Begin PBXTargetDependency section */
		CE79DA5C1B1640C0003F01F6 /* PBXTargetDependency */ = {
			isa = PBXTargetDependency;
			target = CE79DA441B1640C0003F01F6 /* RedRock2 */;
			targetProxy = CE79DA5B1B1640C0003F01F6 /* PBXContainerItemProxy */;
		};
/* End PBXTargetDependency section */

/* Begin PBXVariantGroup section */
		CE79DA4E1B1640C0003F01F6 /* Main.storyboard */ = {
			isa = PBXVariantGroup;
			children = (
				CE79DA4F1B1640C0003F01F6 /* Base */,
			);
			name = Main.storyboard;
			sourceTree = "<group>";
		};
		CE79DA531B1640C0003F01F6 /* LaunchScreen.xib */ = {
			isa = PBXVariantGroup;
			children = (
				CE79DA541B1640C0003F01F6 /* Base */,
			);
			name = LaunchScreen.xib;
			sourceTree = "<group>";
		};
/* End PBXVariantGroup section */

/* Begin XCBuildConfiguration section */
		CE79DA621B1640C0003F01F6 /* Debug */ = {
			isa = XCBuildConfiguration;
			buildSettings = {
				ALWAYS_SEARCH_USER_PATHS = NO;
				CLANG_CXX_LANGUAGE_STANDARD = "gnu++0x";
				CLANG_CXX_LIBRARY = "libc++";
				CLANG_ENABLE_MODULES = YES;
				CLANG_ENABLE_OBJC_ARC = YES;
				CLANG_WARN_BOOL_CONVERSION = YES;
				CLANG_WARN_CONSTANT_CONVERSION = YES;
				CLANG_WARN_DIRECT_OBJC_ISA_USAGE = YES_ERROR;
				CLANG_WARN_EMPTY_BODY = YES;
				CLANG_WARN_ENUM_CONVERSION = YES;
				CLANG_WARN_INT_CONVERSION = YES;
				CLANG_WARN_OBJC_ROOT_CLASS = YES_ERROR;
				CLANG_WARN_UNREACHABLE_CODE = YES;
				CLANG_WARN__DUPLICATE_METHOD_MATCH = YES;
				"CODE_SIGN_IDENTITY[sdk=iphoneos*]" = "iPhone Developer";
				COPY_PHASE_STRIP = NO;
				DEBUG_INFORMATION_FORMAT = "dwarf-with-dsym";
				ENABLE_STRICT_OBJC_MSGSEND = YES;
				GCC_C_LANGUAGE_STANDARD = gnu99;
				GCC_DYNAMIC_NO_PIC = NO;
				GCC_NO_COMMON_BLOCKS = YES;
				GCC_OPTIMIZATION_LEVEL = 0;
				GCC_PREPROCESSOR_DEFINITIONS = (
					"DEBUG=1",
					"$(inherited)",
				);
				GCC_SYMBOLS_PRIVATE_EXTERN = NO;
				GCC_WARN_64_TO_32_BIT_CONVERSION = YES;
				GCC_WARN_ABOUT_RETURN_TYPE = YES_ERROR;
				GCC_WARN_UNDECLARED_SELECTOR = YES;
				GCC_WARN_UNINITIALIZED_AUTOS = YES_AGGRESSIVE;
				GCC_WARN_UNUSED_FUNCTION = YES;
				GCC_WARN_UNUSED_VARIABLE = YES;
				IPHONEOS_DEPLOYMENT_TARGET = 8.3;
				MTL_ENABLE_DEBUG_INFO = YES;
				ONLY_ACTIVE_ARCH = YES;
				SDKROOT = iphoneos;
				SWIFT_OPTIMIZATION_LEVEL = "-Onone";
				TARGETED_DEVICE_FAMILY = 2;
			};
			name = Debug;
		};
		CE79DA631B1640C0003F01F6 /* Release */ = {
			isa = XCBuildConfiguration;
			buildSettings = {
				ALWAYS_SEARCH_USER_PATHS = NO;
				CLANG_CXX_LANGUAGE_STANDARD = "gnu++0x";
				CLANG_CXX_LIBRARY = "libc++";
				CLANG_ENABLE_MODULES = YES;
				CLANG_ENABLE_OBJC_ARC = YES;
				CLANG_WARN_BOOL_CONVERSION = YES;
				CLANG_WARN_CONSTANT_CONVERSION = YES;
				CLANG_WARN_DIRECT_OBJC_ISA_USAGE = YES_ERROR;
				CLANG_WARN_EMPTY_BODY = YES;
				CLANG_WARN_ENUM_CONVERSION = YES;
				CLANG_WARN_INT_CONVERSION = YES;
				CLANG_WARN_OBJC_ROOT_CLASS = YES_ERROR;
				CLANG_WARN_UNREACHABLE_CODE = YES;
				CLANG_WARN__DUPLICATE_METHOD_MATCH = YES;
				"CODE_SIGN_IDENTITY[sdk=iphoneos*]" = "iPhone Developer";
				COPY_PHASE_STRIP = NO;
				DEBUG_INFORMATION_FORMAT = "dwarf-with-dsym";
				ENABLE_NS_ASSERTIONS = NO;
				ENABLE_STRICT_OBJC_MSGSEND = YES;
				GCC_C_LANGUAGE_STANDARD = gnu99;
				GCC_NO_COMMON_BLOCKS = YES;
				GCC_WARN_64_TO_32_BIT_CONVERSION = YES;
				GCC_WARN_ABOUT_RETURN_TYPE = YES_ERROR;
				GCC_WARN_UNDECLARED_SELECTOR = YES;
				GCC_WARN_UNINITIALIZED_AUTOS = YES_AGGRESSIVE;
				GCC_WARN_UNUSED_FUNCTION = YES;
				GCC_WARN_UNUSED_VARIABLE = YES;
				IPHONEOS_DEPLOYMENT_TARGET = 8.3;
				MTL_ENABLE_DEBUG_INFO = NO;
				SDKROOT = iphoneos;
				TARGETED_DEVICE_FAMILY = 2;
				VALIDATE_PRODUCT = YES;
			};
			name = Release;
		};
		CE79DA651B1640C0003F01F6 /* Debug */ = {
			isa = XCBuildConfiguration;
			buildSettings = {
				ASSETCATALOG_COMPILER_APPICON_NAME = AppIcon;
				CODE_SIGN_IDENTITY = "iPhone Developer";
				"CODE_SIGN_IDENTITY[sdk=iphoneos*]" = "iPhone Developer";
				FRAMEWORK_SEARCH_PATHS = (
					"$(inherited)",
					"$(PROJECT_DIR)/Carthage/Build/iOS",
				);
				INFOPLIST_FILE = RedRock/Info.plist;
				LD_RUNPATH_SEARCH_PATHS = "$(inherited) @executable_path/Frameworks";
				OTHER_SWIFT_FLAGS = "-D DEBUGLOG";
				PRODUCT_BUNDLE_IDENTIFIER = com.ibm.cio.be.ipad.alterj.RedRock2;
				PRODUCT_NAME = RedRock2;
				PROVISIONING_PROFILE = "";
			};
			name = Debug;
		};
		CE79DA661B1640C0003F01F6 /* Release */ = {
			isa = XCBuildConfiguration;
			buildSettings = {
				ASSETCATALOG_COMPILER_APPICON_NAME = AppIcon;
				CODE_SIGN_IDENTITY = "iPhone Developer";
				"CODE_SIGN_IDENTITY[sdk=iphoneos*]" = "iPhone Distribution";
				FRAMEWORK_SEARCH_PATHS = (
					"$(inherited)",
					"$(PROJECT_DIR)/Carthage/Build/iOS",
				);
				INFOPLIST_FILE = RedRock/Info.plist;
				LD_RUNPATH_SEARCH_PATHS = "$(inherited) @executable_path/Frameworks";
				PRODUCT_BUNDLE_IDENTIFIER = com.ibm.cio.be.ipad.alterj.RedRock2;
				PRODUCT_NAME = RedRock2;
				PROVISIONING_PROFILE = "";
			};
			name = Release;
		};
		CE79DA681B1640C0003F01F6 /* Debug */ = {
			isa = XCBuildConfiguration;
			buildSettings = {
				BUNDLE_LOADER = "$(TEST_HOST)";
				FRAMEWORK_SEARCH_PATHS = (
					"$(SDKROOT)/Developer/Library/Frameworks",
					"$(inherited)",
				);
				GCC_PREPROCESSOR_DEFINITIONS = (
					"DEBUG=1",
					"$(inherited)",
				);
				INFOPLIST_FILE = RedRockTests/Info.plist;
				LD_RUNPATH_SEARCH_PATHS = "$(inherited) @executable_path/Frameworks @loader_path/Frameworks";
				PRODUCT_NAME = RedRock2;
				TEST_HOST = "$(BUILT_PRODUCTS_DIR)/RedRock2.app/RedRock2";
			};
			name = Debug;
		};
		CE79DA691B1640C0003F01F6 /* Release */ = {
			isa = XCBuildConfiguration;
			buildSettings = {
				BUNDLE_LOADER = "$(TEST_HOST)";
				FRAMEWORK_SEARCH_PATHS = (
					"$(SDKROOT)/Developer/Library/Frameworks",
					"$(inherited)",
				);
				INFOPLIST_FILE = RedRockTests/Info.plist;
				LD_RUNPATH_SEARCH_PATHS = "$(inherited) @executable_path/Frameworks @loader_path/Frameworks";
				PRODUCT_NAME = RedRock2;
				TEST_HOST = "$(BUILT_PRODUCTS_DIR)/RedRock2.app/RedRock2";
			};
			name = Release;
		};
/* End XCBuildConfiguration section */

/* Begin XCConfigurationList section */
		CE79DA401B1640C0003F01F6 /* Build configuration list for PBXProject "RedRock2" */ = {
			isa = XCConfigurationList;
			buildConfigurations = (
				CE79DA621B1640C0003F01F6 /* Debug */,
				CE79DA631B1640C0003F01F6 /* Release */,
			);
			defaultConfigurationIsVisible = 0;
			defaultConfigurationName = Release;
		};
		CE79DA641B1640C0003F01F6 /* Build configuration list for PBXNativeTarget "RedRock2" */ = {
			isa = XCConfigurationList;
			buildConfigurations = (
				CE79DA651B1640C0003F01F6 /* Debug */,
				CE79DA661B1640C0003F01F6 /* Release */,
			);
			defaultConfigurationIsVisible = 0;
			defaultConfigurationName = Release;
		};
		CE79DA671B1640C0003F01F6 /* Build configuration list for PBXNativeTarget "RedRock2Tests" */ = {
			isa = XCConfigurationList;
			buildConfigurations = (
				CE79DA681B1640C0003F01F6 /* Debug */,
				CE79DA691B1640C0003F01F6 /* Release */,
			);
			defaultConfigurationIsVisible = 0;
			defaultConfigurationName = Release;
		};
/* End XCConfigurationList section */
	};
	rootObject = CE79DA3D1B1640C0003F01F6 /* Project object */;
}
